
Microsoft Visual Studio Solution File, Format Version 12.00
# Visual Studio 2013
VisualStudioVersion = 12.0.21005.1
MinimumVisualStudioVersion = 10.0.40219.1
Project("{FAE04EC0-301F-11D3-BF4B-00C04F79EFBC}") = "ClientApp", "ClientApp\ClientApp.csproj", "{1895EAA7-FE34-413C-8400-A5FF65EAE161}"
EndProject
Project("{FAE04EC0-301F-11D3-BF4B-00C04F79EFBC}") = "ServerApp", "ServerApp\ServerApp.csproj", "{1B3ACF7B-427D-4310-936B-03EDB64C13DE}"
EndProject
Project("{FAE04EC0-301F-11D3-BF4B-00C04F79EFBC}") = "CommonLib", "CommonLib\CommonLib.csproj", "{06899841-3264-45BE-9E43-04ED548ABE75}"
EndProject
Project("{FAE04EC0-301F-11D3-BF4B-00C04F79EFBC}") = "CommonLib.Adapter", "CommonLib.Adapter\CommonLib.Adapter.csproj", "{2850DF07-1DAC-431D-AEB3-8503A4CD6FBA}"
EndProject
Global
	GlobalSection(SolutionConfigurationPlatforms) = preSolution
		Debug|Any CPU = Debug|Any CPU
		Release|Any CPU = Release|Any CPU
	EndGlobalSection
	GlobalSection(ProjectConfigurationPlatforms) = postSolution
		{1895EAA7-FE34-413C-8400-A5FF65EAE161}.Debug|Any CPU.ActiveCfg = Debug|Any CPU
		{1895EAA7-FE34-413C-8400-A5FF65EAE161}.Debug|Any CPU.Build.0 = Debug|Any CPU
		{1895EAA7-FE34-413C-8400-A5FF65EAE161}.Release|Any CPU.ActiveCfg = Release|Any CPU
		{1895EAA7-FE34-413C-8400-A5FF65EAE161}.Release|Any CPU.Build.0 = Release|Any CPU
		{1B3ACF7B-427D-4310-936B-03EDB64C13DE}.Debug|Any CPU.ActiveCfg = Debug|Any CPU
		{1B3ACF7B-427D-4310-936B-03EDB64C13DE}.Debug|Any CPU.Build.0 = Debug|Any CPU
		{1B3ACF7B-427D-4310-936B-03EDB64C13DE}.Release|Any CPU.ActiveCfg = Release|Any CPU
		{1B3ACF7B-427D-4310-936B-03EDB64C13DE}.Release|Any CPU.Build.0 = Release|Any CPU
		{06899841-3264-45BE-9E43-04ED548ABE75}.Debug|Any CPU.ActiveCfg = Debug|Any CPU
		{06899841-3264-45BE-9E43-04ED548ABE75}.Debug|Any CPU.Build.0 = Debug|Any CPU
		{06899841-3264-45BE-9E43-04ED548ABE75}.Release|Any CPU.ActiveCfg = Release|Any CPU
		{06899841-3264-45BE-9E43-04ED548ABE75}.Release|Any CPU.Build.0 = Release|Any CPU
		{2850DF07-1DAC-431D-AEB3-8503A4CD6FBA}.Debug|Any CPU.ActiveCfg = Debug|Any CPU
		{2850DF07-1DAC-431D-AEB3-8503A4CD6FBA}.Debug|Any CPU.Build.0 = Debug|Any CPU
		{2850DF07-1DAC-431D-AEB3-8503A4CD6FBA}.Release|Any CPU.ActiveCfg = Release|Any CPU
		{2850DF07-1DAC-431D-AEB3-8503A4CD6FBA}.Release|Any CPU.Build.0 = Release|Any CPU
	EndGlobalSection
	GlobalSection(SolutionProperties) = preSolution
		HideSolutionNode = FALSE
	EndGlobalSection
EndGlobal
